schema: '2.0'
stages:
  database_load:
    cmd: python3 src/database_load.py
    deps:
    - path: data/raw
      md5: 4299b28550a6a7c63136757f821c006f.dir
      size: 313090136
      nfiles: 3
    - path: src/database_load.py
      md5: 1a93bf8b3485e347af797a62eda2dcbf
      size: 1208
    outs:
    - path: data/interim/country.csv
      md5: 3030c2931c0779b0bd17189f27b347bd
      size: 183
    - path: data/interim/league.csv
      md5: 2e66859043c3c36067da9657c707f0ed
      size: 390
    - path: data/interim/match.csv
      md5: 726c46822247ba917f7237b61da878ff
      size: 282741442
    - path: data/interim/player.csv
      md5: 8978954003b4b4000ed59bf865dcf1a2
      size: 760019
    - path: data/interim/player_attributes.csv
      md5: 9479c31992f6af033fec1ccc3b71badd
      size: 43501342
    - path: data/interim/team.csv
      md5: 63d8a7d6423a51e5025cf4ed8729b6b0
      size: 11573
    - path: data/interim/team_attributes.csv
      md5: 2e37e711aefe6c99ef8afcbe3004fd65
      size: 222222
